// !$*UTF8*$!
{
	archiveVersion = 1;
	classes = {
	};
	objectVersion = 56;
	objects = {

/* Begin PBXBuildFile section */
		E60BE93E29B5595C00BBA565 /* AppDelegate.swift in Sources */ = {isa = PBXBuildFile; fileRef = E60BE93D29B5595C00BBA565 /* AppDelegate.swift */; };
		E60BE94029B5595C00BBA565 /* SceneDelegate.swift in Sources */ = {isa = PBXBuildFile; fileRef = E60BE93F29B5595C00BBA565 /* SceneDelegate.swift */; };
		E60BE94529B5595C00BBA565 /* Main.storyboard in Resources */ = {isa = PBXBuildFile; fileRef = E60BE94329B5595C00BBA565 /* Main.storyboard */; };
		E60BE94829B5595C00BBA565 /* MeusJogos.xcdatamodeld in Sources */ = {isa = PBXBuildFile; fileRef = E60BE94629B5595C00BBA565 /* MeusJogos.xcdatamodeld */; };
		E60BE94A29B5595D00BBA565 /* Assets.xcassets in Resources */ = {isa = PBXBuildFile; fileRef = E60BE94929B5595D00BBA565 /* Assets.xcassets */; };
		E60BE94D29B5595D00BBA565 /* LaunchScreen.storyboard in Resources */ = {isa = PBXBuildFile; fileRef = E60BE94B29B5595D00BBA565 /* LaunchScreen.storyboard */; };
		E60BE95829B5595D00BBA565 /* MeusJogosTests.swift in Sources */ = {isa = PBXBuildFile; fileRef = E60BE95729B5595D00BBA565 /* MeusJogosTests.swift */; };
		E60BE96229B5595D00BBA565 /* MeusJogosUITests.swift in Sources */ = {isa = PBXBuildFile; fileRef = E60BE96129B5595D00BBA565 /* MeusJogosUITests.swift */; };
		E60BE96429B5595D00BBA565 /* MeusJogosUITestsLaunchTests.swift in Sources */ = {isa = PBXBuildFile; fileRef = E60BE96329B5595D00BBA565 /* MeusJogosUITestsLaunchTests.swift */; };
		E60BE97129B5601D00BBA565 /* GamesTableViewController.swift in Sources */ = {isa = PBXBuildFile; fileRef = E60BE97029B5601D00BBA565 /* GamesTableViewController.swift */; };
		E622C00029B76C2A00EEA841 /* GameViewController.swift in Sources */ = {isa = PBXBuildFile; fileRef = E622BFFF29B76C2A00EEA841 /* GameViewController.swift */; };
		E622C00229B76C4900EEA841 /* GameFormViewController.swift in Sources */ = {isa = PBXBuildFile; fileRef = E622C00129B76C4900EEA841 /* GameFormViewController.swift */; };
		E67F6A0F29B7B66100C8953C /* UiViewController+Context.swift in Sources */ = {isa = PBXBuildFile; fileRef = E67F6A0E29B7B66100C8953C /* UiViewController+Context.swift */; };
		E69099FB29B8AFAF003EE682 /* Game-Image.swift in Sources */ = {isa = PBXBuildFile; fileRef = E69099FA29B8AFAF003EE682 /* Game-Image.swift */; };
/* End PBXBuildFile section */

/* Begin PBXContainerItemProxy section */
		E60BE95429B5595D00BBA565 /* PBXContainerItemProxy */ = {
			isa = PBXContainerItemProxy;
			containerPortal = E60BE93229B5595C00BBA565 /* Project object */;
			proxyType = 1;
			remoteGlobalIDString = E60BE93929B5595C00BBA565;
			remoteInfo = MeusJogos;
		};
		E60BE95E29B5595D00BBA565 /* PBXContainerItemProxy */ = {
			isa = PBXContainerItemProxy;
			containerPortal = E60BE93229B5595C00BBA565 /* Project object */;
			proxyType = 1;
			remoteGlobalIDString = E60BE93929B5595C00BBA565;
			remoteInfo = MeusJogos;
		};
/* End PBXContainerItemProxy section */

/* Begin PBXFileReference section */
		E60BE93A29B5595C00BBA565 /* MeusJogos.app */ = {isa = PBXFileReference; explicitFileType = wrapper.application; includeInIndex = 0; path = MeusJogos.app; sourceTree = BUILT_PRODUCTS_DIR; };
		E60BE93D29B5595C00BBA565 /* AppDelegate.swift */ = {isa = PBXFileReference; lastKnownFileType = sourcecode.swift; path = AppDelegate.swift; sourceTree = "<group>"; };
		E60BE93F29B5595C00BBA565 /* SceneDelegate.swift */ = {isa = PBXFileReference; lastKnownFileType = sourcecode.swift; path = SceneDelegate.swift; sourceTree = "<group>"; };
		E60BE94429B5595C00BBA565 /* Base */ = {isa = PBXFileReference; lastKnownFileType = file.storyboard; name = Base; path = Base.lproj/Main.storyboard; sourceTree = "<group>"; };
		E60BE94729B5595C00BBA565 /* MeusJogos.xcdatamodel */ = {isa = PBXFileReference; lastKnownFileType = wrapper.xcdatamodel; path = MeusJogos.xcdatamodel; sourceTree = "<group>"; };
		E60BE94929B5595D00BBA565 /* Assets.xcassets */ = {isa = PBXFileReference; lastKnownFileType = folder.assetcatalog; path = Assets.xcassets; sourceTree = "<group>"; };
		E60BE94C29B5595D00BBA565 /* Base */ = {isa = PBXFileReference; lastKnownFileType = file.storyboard; name = Base; path = Base.lproj/LaunchScreen.storyboard; sourceTree = "<group>"; };
		E60BE94E29B5595D00BBA565 /* Info.plist */ = {isa = PBXFileReference; lastKnownFileType = text.plist.xml; path = Info.plist; sourceTree = "<group>"; };
		E60BE95329B5595D00BBA565 /* MeusJogosTests.xctest */ = {isa = PBXFileReference; explicitFileType = wrapper.cfbundle; includeInIndex = 0; path = MeusJogosTests.xctest; sourceTree = BUILT_PRODUCTS_DIR; };
		E60BE95729B5595D00BBA565 /* MeusJogosTests.swift */ = {isa = PBXFileReference; lastKnownFileType = sourcecode.swift; path = MeusJogosTests.swift; sourceTree = "<group>"; };
		E60BE95D29B5595D00BBA565 /* MeusJogosUITests.xctest */ = {isa = PBXFileReference; explicitFileType = wrapper.cfbundle; includeInIndex = 0; path = MeusJogosUITests.xctest; sourceTree = BUILT_PRODUCTS_DIR; };
		E60BE96129B5595D00BBA565 /* MeusJogosUITests.swift */ = {isa = PBXFileReference; lastKnownFileType = sourcecode.swift; path = MeusJogosUITests.swift; sourceTree = "<group>"; };
		E60BE96329B5595D00BBA565 /* MeusJogosUITestsLaunchTests.swift */ = {isa = PBXFileReference; lastKnownFileType = sourcecode.swift; path = MeusJogosUITestsLaunchTests.swift; sourceTree = "<group>"; };
		E60BE97029B5601D00BBA565 /* GamesTableViewController.swift */ = {isa = PBXFileReference; lastKnownFileType = sourcecode.swift; path = GamesTableViewController.swift; sourceTree = "<group>"; };
		E622BFFF29B76C2A00EEA841 /* GameViewController.swift */ = {isa = PBXFileReference; lastKnownFileType = sourcecode.swift; path = GameViewController.swift; sourceTree = "<group>"; };
		E622C00129B76C4900EEA841 /* GameFormViewController.swift */ = {isa = PBXFileReference; lastKnownFileType = sourcecode.swift; path = GameFormViewController.swift; sourceTree = "<group>"; };
		E67F6A0E29B7B66100C8953C /* UiViewController+Context.swift */ = {isa = PBXFileReference; lastKnownFileType = sourcecode.swift; path = "UiViewController+Context.swift"; sourceTree = "<group>"; };
		E69099FA29B8AFAF003EE682 /* Game-Image.swift */ = {isa = PBXFileReference; lastKnownFileType = sourcecode.swift; path = "Game-Image.swift"; sourceTree = "<group>"; };
/* End PBXFileReference section */

/* Begin PBXFrameworksBuildPhase section */
		E60BE93729B5595C00BBA565 /* Frameworks */ = {
			isa = PBXFrameworksBuildPhase;
			buildActionMask = 2147483647;
			files = (
			);
			runOnlyForDeploymentPostprocessing = 0;
		};
		E60BE95029B5595D00BBA565 /* Frameworks */ = {
			isa = PBXFrameworksBuildPhase;
			buildActionMask = 2147483647;
			files = (
			);
			runOnlyForDeploymentPostprocessing = 0;
		};
		E60BE95A29B5595D00BBA565 /* Frameworks */ = {
			isa = PBXFrameworksBuildPhase;
			buildActionMask = 2147483647;
			files = (
			);
			runOnlyForDeploymentPostprocessing = 0;
		};
/* End PBXFrameworksBuildPhase section */

/* Begin PBXGroup section */
		E60BE93129B5595C00BBA565 = {
			isa = PBXGroup;
			children = (
				E60BE93C29B5595C00BBA565 /* MeusJogos */,
				E60BE95629B5595D00BBA565 /* MeusJogosTests */,
				E60BE96029B5595D00BBA565 /* MeusJogosUITests */,
				E60BE93B29B5595C00BBA565 /* Products */,
			);
			sourceTree = "<group>";
		};
		E60BE93B29B5595C00BBA565 /* Products */ = {
			isa = PBXGroup;
			children = (
				E60BE93A29B5595C00BBA565 /* MeusJogos.app */,
				E60BE95329B5595D00BBA565 /* MeusJogosTests.xctest */,
				E60BE95D29B5595D00BBA565 /* MeusJogosUITests.xctest */,
			);
			name = Products;
			sourceTree = "<group>";
		};
		E60BE93C29B5595C00BBA565 /* MeusJogos */ = {
			isa = PBXGroup;
			children = (
				E60BE93D29B5595C00BBA565 /* AppDelegate.swift */,
				E60BE93F29B5595C00BBA565 /* SceneDelegate.swift */,
				E60BE94329B5595C00BBA565 /* Main.storyboard */,
				E60BE94929B5595D00BBA565 /* Assets.xcassets */,
				E60BE94B29B5595D00BBA565 /* LaunchScreen.storyboard */,
				E60BE94E29B5595D00BBA565 /* Info.plist */,
				E60BE94629B5595C00BBA565 /* MeusJogos.xcdatamodeld */,
				E60BE97029B5601D00BBA565 /* GamesTableViewController.swift */,
				E622BFFF29B76C2A00EEA841 /* GameViewController.swift */,
				E622C00129B76C4900EEA841 /* GameFormViewController.swift */,
				E67F6A0E29B7B66100C8953C /* UiViewController+Context.swift */,
				E69099FA29B8AFAF003EE682 /* Game-Image.swift */,
			);
			path = MeusJogos;
			sourceTree = "<group>";
		};
		E60BE95629B5595D00BBA565 /* MeusJogosTests */ = {
			isa = PBXGroup;
			children = (
				E60BE95729B5595D00BBA565 /* MeusJogosTests.swift */,
			);
			path = MeusJogosTests;
			sourceTree = "<group>";
		};
		E60BE96029B5595D00BBA565 /* MeusJogosUITests */ = {
			isa = PBXGroup;
			children = (
				E60BE96129B5595D00BBA565 /* MeusJogosUITests.swift */,
				E60BE96329B5595D00BBA565 /* MeusJogosUITestsLaunchTests.swift */,
			);
			path = MeusJogosUITests;
			sourceTree = "<group>";
		};
/* End PBXGroup section */

/* Begin PBXNativeTarget section */
		E60BE93929B5595C00BBA565 /* MeusJogos */ = {
			isa = PBXNativeTarget;
			buildConfigurationList = E60BE96729B5595D00BBA565 /* Build configuration list for PBXNativeTarget "MeusJogos" */;
			buildPhases = (
				E60BE93629B5595C00BBA565 /* Sources */,
				E60BE93729B5595C00BBA565 /* Frameworks */,
				E60BE93829B5595C00BBA565 /* Resources */,
			);
			buildRules = (
			);
			dependencies = (
			);
			name = MeusJogos;
			productName = MeusJogos;
			productReference = E60BE93A29B5595C00BBA565 /* MeusJogos.app */;
			productType = "com.apple.product-type.application";
		};
		E60BE95229B5595D00BBA565 /* MeusJogosTests */ = {
			isa = PBXNativeTarget;
			buildConfigurationList = E60BE96A29B5595D00BBA565 /* Build configuration list for PBXNativeTarget "MeusJogosTests" */;
			buildPhases = (
				E60BE94F29B5595D00BBA565 /* Sources */,
				E60BE95029B5595D00BBA565 /* Frameworks */,
				E60BE95129B5595D00BBA565 /* Resources */,
			);
			buildRules = (
			);
			dependencies = (
				E60BE95529B5595D00BBA565 /* PBXTargetDependency */,
			);
			name = MeusJogosTests;
			productName = MeusJogosTests;
			productReference = E60BE95329B5595D00BBA565 /* MeusJogosTests.xctest */;
			productType = "com.apple.product-type.bundle.unit-test";
		};
		E60BE95C29B5595D00BBA565 /* MeusJogosUITests */ = {
			isa = PBXNativeTarget;
			buildConfigurationList = E60BE96D29B5595D00BBA565 /* Build configuration list for PBXNativeTarget "MeusJogosUITests" */;
			buildPhases = (
				E60BE95929B5595D00BBA565 /* Sources */,
				E60BE95A29B5595D00BBA565 /* Frameworks */,
				E60BE95B29B5595D00BBA565 /* Resources */,
			);
			buildRules = (
			);
			dependencies = (
				E60BE95F29B5595D00BBA565 /* PBXTargetDependency */,
			);
			name = MeusJogosUITests;
			productName = MeusJogosUITests;
			productReference = E60BE95D29B5595D00BBA565 /* MeusJogosUITests.xctest */;
			productType = "com.apple.product-type.bundle.ui-testing";
		};
/* End PBXNativeTarget section */

/* Begin PBXProject section */
		E60BE93229B5595C00BBA565 /* Project object */ = {
			isa = PBXProject;
			attributes = {
				BuildIndependentTargetsInParallel = 1;
				LastSwiftUpdateCheck = 1410;
				LastUpgradeCheck = 1410;
				TargetAttributes = {
					E60BE93929B5595C00BBA565 = {
						CreatedOnToolsVersion = 14.1;
					};
					E60BE95229B5595D00BBA565 = {
						CreatedOnToolsVersion = 14.1;
						TestTargetID = E60BE93929B5595C00BBA565;
					};
					E60BE95C29B5595D00BBA565 = {
						CreatedOnToolsVersion = 14.1;
						TestTargetID = E60BE93929B5595C00BBA565;
					};
				};
			};
			buildConfigurationList = E60BE93529B5595C00BBA565 /* Build configuration list for PBXProject "MeusJogos" */;
			compatibilityVersion = "Xcode 14.0";
			developmentRegion = en;
			hasScannedForEncodings = 0;
			knownRegions = (
				en,
				Base,
			);
			mainGroup = E60BE93129B5595C00BBA565;
			productRefGroup = E60BE93B29B5595C00BBA565 /* Products */;
			projectDirPath = "";
			projectRoot = "";
			targets = (
				E60BE93929B5595C00BBA565 /* MeusJogos */,
				E60BE95229B5595D00BBA565 /* MeusJogosTests */,
				E60BE95C29B5595D00BBA565 /* MeusJogosUITests */,
			);
		};
/* End PBXProject section */

/* Begin PBXResourcesBuildPhase section */
		E60BE93829B5595C00BBA565 /* Resources */ = {
			isa = PBXResourcesBuildPhase;
			buildActionMask = 2147483647;
			files = (
				E60BE94D29B5595D00BBA565 /* LaunchScreen.storyboard in Resources */,
				E60BE94A29B5595D00BBA565 /* Assets.xcassets in Resources */,
				E60BE94529B5595C00BBA565 /* Main.storyboard in Resources */,
			);
			runOnlyForDeploymentPostprocessing = 0;
		};
		E60BE95129B5595D00BBA565 /* Resources */ = {
			isa = PBXResourcesBuildPhase;
			buildActionMask = 2147483647;
			files = (
			);
			runOnlyForDeploymentPostprocessing = 0;
		};
		E60BE95B29B5595D00BBA565 /* Resources */ = {
			isa = PBXResourcesBuildPhase;
			buildActionMask = 2147483647;
			files = (
			);
			runOnlyForDeploymentPostprocessing = 0;
		};
/* End PBXResourcesBuildPhase section */

/* Begin PBXSourcesBuildPhase section */
		E60BE93629B5595C00BBA565 /* Sources */ = {
			isa = PBXSourcesBuildPhase;
			buildActionMask = 2147483647;
			files = (
				E622C00029B76C2A00EEA841 /* GameViewController.swift in Sources */,
				E60BE93E29B5595C00BBA565 /* AppDelegate.swift in Sources */,
				E60BE94829B5595C00BBA565 /* MeusJogos.xcdatamodeld in Sources */,
				E60BE97129B5601D00BBA565 /* GamesTableViewController.swift in Sources */,
				E67F6A0F29B7B66100C8953C /* UiViewController+Context.swift in Sources */,
				E69099FB29B8AFAF003EE682 /* Game-Image.swift in Sources */,
				E622C00229B76C4900EEA841 /* GameFormViewController.swift in Sources */,
				E60BE94029B5595C00BBA565 /* SceneDelegate.swift in Sources */,
			);
			runOnlyForDeploymentPostprocessing = 0;
		};
		E60BE94F29B5595D00BBA565 /* Sources */ = {
			isa = PBXSourcesBuildPhase;
			buildActionMask = 2147483647;
			files = (
				E60BE95829B5595D00BBA565 /* MeusJogosTests.swift in Sources */,
			);
			runOnlyForDeploymentPostprocessing = 0;
		};
		E60BE95929B5595D00BBA565 /* Sources */ = {
			isa = PBXSourcesBuildPhase;
			buildActionMask = 2147483647;
			files = (
				E60BE96229B5595D00BBA565 /* MeusJogosUITests.swift in Sources */,
				E60BE96429B5595D00BBA565 /* MeusJogosUITestsLaunchTests.swift in Sources */,
			);
			runOnlyForDeploymentPostprocessing = 0;
		};
/* End PBXSourcesBuildPhase section */

/* Begin PBXTargetDependency section */
		E60BE95529B5595D00BBA565 /* PBXTargetDependency */ = {
			isa = PBXTargetDependency;
			target = E60BE93929B5595C00BBA565 /* MeusJogos */;
			targetProxy = E60BE95429B5595D00BBA565 /* PBXContainerItemProxy */;
		};
		E60BE95F29B5595D00BBA565 /* PBXTargetDependency */ = {
			isa = PBXTargetDependency;
			target = E60BE93929B5595C00BBA565 /* MeusJogos */;
			targetProxy = E60BE95E29B5595D00BBA565 /* PBXContainerItemProxy */;
		};
/* End PBXTargetDependency section */

/* Begin PBXVariantGroup section */
		E60BE94329B5595C00BBA565 /* Main.storyboard */ = {
			isa = PBXVariantGroup;
			children = (
				E60BE94429B5595C00BBA565 /* Base */,
			);
			name = Main.storyboard;
			sourceTree = "<group>";
		};
		E60BE94B29B5595D00BBA565 /* LaunchScreen.storyboard */ = {
			isa = PBXVariantGroup;
			children = (
				E60BE94C29B5595D00BBA565 /* Base */,
			);
			name = LaunchScreen.storyboard;
			sourceTree = "<group>";
		};
/* End PBXVariantGroup section */

/* Begin XCBuildConfiguration section */
		E60BE96529B5595D00BBA565 /* Debug */ = {
			isa = XCBuildConfiguration;
			buildSettings = {
				ALWAYS_SEARCH_USER_PATHS = NO;
				CLANG_ANALYZER_NONNULL = YES;
				CLANG_ANALYZER_NUMBER_OBJECT_CONVERSION = YES_AGGRESSIVE;
				CLANG_CXX_LANGUAGE_STANDARD = "gnu++20";
				CLANG_ENABLE_MODULES = YES;
				CLANG_ENABLE_OBJC_ARC = YES;
				CLANG_ENABLE_OBJC_WEAK = YES;
				CLANG_WARN_BLOCK_CAPTURE_AUTORELEASING = YES;
				CLANG_WARN_BOOL_CONVERSION = YES;
				CLANG_WARN_COMMA = YES;
				CLANG_WARN_CONSTANT_CONVERSION = YES;
				CLANG_WARN_DEPRECATED_OBJC_IMPLEMENTATIONS = YES;
				CLANG_WARN_DIRECT_OBJC_ISA_USAGE = YES_ERROR;
				CLANG_WARN_DOCUMENTATION_COMMENTS = YES;
				CLANG_WARN_EMPTY_BODY = YES;
				CLANG_WARN_ENUM_CONVERSION = YES;
				CLANG_WARN_INFINITE_RECURSION = YES;
				CLANG_WARN_INT_CONVERSION = YES;
				CLANG_WARN_NON_LITERAL_NULL_CONVERSION = YES;
				CLANG_WARN_OBJC_IMPLICIT_RETAIN_SELF = YES;
				CLANG_WARN_OBJC_LITERAL_CONVERSION = YES;
				CLANG_WARN_OBJC_ROOT_CLASS = YES_ERROR;
				CLANG_WARN_QUOTED_INCLUDE_IN_FRAMEWORK_HEADER = YES;
				CLANG_WARN_RANGE_LOOP_ANALYSIS = YES;
				CLANG_WARN_STRICT_PROTOTYPES = YES;
				CLANG_WARN_SUSPICIOUS_MOVE = YES;
				CLANG_WARN_UNGUARDED_AVAILABILITY = YES_AGGRESSIVE;
				CLANG_WARN_UNREACHABLE_CODE = YES;
				CLANG_WARN__DUPLICATE_METHOD_MATCH = YES;
				COPY_PHASE_STRIP = NO;
				DEBUG_INFORMATION_FORMAT = dwarf;
				ENABLE_STRICT_OBJC_MSGSEND = YES;
				ENABLE_TESTABILITY = YES;
				GCC_C_LANGUAGE_STANDARD = gnu11;
				GCC_DYNAMIC_NO_PIC = NO;
				GCC_NO_COMMON_BLOCKS = YES;
				GCC_OPTIMIZATION_LEVEL = 0;
				GCC_PREPROCESSOR_DEFINITIONS = (
					"DEBUG=1",
					"$(inherited)",
				);
				GCC_WARN_64_TO_32_BIT_CONVERSION = YES;
				GCC_WARN_ABOUT_RETURN_TYPE = YES_ERROR;
				GCC_WARN_UNDECLARED_SELECTOR = YES;
				GCC_WARN_UNINITIALIZED_AUTOS = YES_AGGRESSIVE;
				GCC_WARN_UNUSED_FUNCTION = YES;
				GCC_WARN_UNUSED_VARIABLE = YES;
				IPHONEOS_DEPLOYMENT_TARGET = 16.1;
				MTL_ENABLE_DEBUG_INFO = INCLUDE_SOURCE;
				MTL_FAST_MATH = YES;
				ONLY_ACTIVE_ARCH = YES;
				SDKROOT = iphoneos;
				SWIFT_ACTIVE_COMPILATION_CONDITIONS = DEBUG;
				SWIFT_OPTIMIZATION_LEVEL = "-Onone";
			};
			name = Debug;
		};
		E60BE96629B5595D00BBA565 /* Release */ = {
			isa = XCBuildConfiguration;
			buildSettings = {
				ALWAYS_SEARCH_USER_PATHS = NO;
				CLANG_ANALYZER_NONNULL = YES;
				CLANG_ANALYZER_NUMBER_OBJECT_CONVERSION = YES_AGGRESSIVE;
				CLANG_CXX_LANGUAGE_STANDARD = "gnu++20";
				CLANG_ENABLE_MODULES = YES;
				CLANG_ENABLE_OBJC_ARC = YES;
				CLANG_ENABLE_OBJC_WEAK = YES;
				CLANG_WARN_BLOCK_CAPTURE_AUTORELEASING = YES;
				CLANG_WARN_BOOL_CONVERSION = YES;
				CLANG_WARN_COMMA = YES;
				CLANG_WARN_CONSTANT_CONVERSION = YES;
				CLANG_WARN_DEPRECATED_OBJC_IMPLEMENTATIONS = YES;
				CLANG_WARN_DIRECT_OBJC_ISA_USAGE = YES_ERROR;
				CLANG_WARN_DOCUMENTATION_COMMENTS = YES;
				CLANG_WARN_EMPTY_BODY = YES;
				CLANG_WARN_ENUM_CONVERSION = YES;
				CLANG_WARN_INFINITE_RECURSION = YES;
				CLANG_WARN_INT_CONVERSION = YES;
				CLANG_WARN_NON_LITERAL_NULL_CONVERSION = YES;
				CLANG_WARN_OBJC_IMPLICIT_RETAIN_SELF = YES;
				CLANG_WARN_OBJC_LITERAL_CONVERSION = YES;
				CLANG_WARN_OBJC_ROOT_CLASS = YES_ERROR;
				CLANG_WARN_QUOTED_INCLUDE_IN_FRAMEWORK_HEADER = YES;
				CLANG_WARN_RANGE_LOOP_ANALYSIS = YES;
				CLANG_WARN_STRICT_PROTOTYPES = YES;
				CLANG_WARN_SUSPICIOUS_MOVE = YES;
				CLANG_WARN_UNGUARDED_AVAILABILITY = YES_AGGRESSIVE;
				CLANG_WARN_UNREACHABLE_CODE = YES;
				CLANG_WARN__DUPLICATE_METHOD_MATCH = YES;
				COPY_PHASE_STRIP = NO;
				DEBUG_INFORMATION_FORMAT = "dwarf-with-dsym";
				ENABLE_NS_ASSERTIONS = NO;
				ENABLE_STRICT_OBJC_MSGSEND = YES;
				GCC_C_LANGUAGE_STANDARD = gnu11;
				GCC_NO_COMMON_BLOCKS = YES;
				GCC_WARN_64_TO_32_BIT_CONVERSION = YES;
				GCC_WARN_ABOUT_RETURN_TYPE = YES_ERROR;
				GCC_WARN_UNDECLARED_SELECTOR = YES;
				GCC_WARN_UNINITIALIZED_AUTOS = YES_AGGRESSIVE;
				GCC_WARN_UNUSED_FUNCTION = YES;
				GCC_WARN_UNUSED_VARIABLE = YES;
				IPHONEOS_DEPLOYMENT_TARGET = 16.1;
				MTL_ENABLE_DEBUG_INFO = NO;
				MTL_FAST_MATH = YES;
				SDKROOT = iphoneos;
				SWIFT_COMPILATION_MODE = wholemodule;
				SWIFT_OPTIMIZATION_LEVEL = "-O";
				VALIDATE_PRODUCT = YES;
			};
			name = Release;
		};
		E60BE96829B5595D00BBA565 /* Debug */ = {
			isa = XCBuildConfiguration;
			buildSettings = {
				ASSETCATALOG_COMPILER_APPICON_NAME = AppIcon;
				ASSETCATALOG_COMPILER_GLOBAL_ACCENT_COLOR_NAME = AccentColor;
				CODE_SIGN_STYLE = Automatic;
				CURRENT_PROJECT_VERSION = 1;
				DEVELOPMENT_TEAM = VLFWHFLYP3;
				GENERATE_INFOPLIST_FILE = YES;
				INFOPLIST_FILE = MeusJogos/Info.plist;
				INFOPLIST_KEY_UIApplicationSupportsIndirectInputEvents = YES;
				INFOPLIST_KEY_UILaunchStoryboardName = LaunchScreen;
				INFOPLIST_KEY_UIMainStoryboardFile = Main;
				INFOPLIST_KEY_UISupportedInterfaceOrientations_iPad = "UIInterfaceOrientationPortrait UIInterfaceOrientationPortraitUpsideDown UIInterfaceOrientationLandscapeLeft UIInterfaceOrientationLandscapeRight";
				INFOPLIST_KEY_UISupportedInterfaceOrientations_iPhone = "UIInterfaceOrientationPortrait UIInterfaceOrientationLandscapeLeft UIInterfaceOrientationLandscapeRight";
				LD_RUNPATH_SEARCH_PATHS = (
					"$(inherited)",
					"@executable_path/Frameworks",
				);
				MARKETING_VERSION = 1.0;
				PRODUCT_BUNDLE_IDENTIFIER = br.com.fiap.MeusJogos;
				PRODUCT_NAME = "$(TARGET_NAME)";
				SWIFT_EMIT_LOC_STRINGS = YES;
				SWIFT_VERSION = 5.0;
				TARGETED_DEVICE_FAMILY = "1,2";
			};
			name = Debug;
		};
		E60BE96929B5595D00BBA565 /* Release */ = {
			isa = XCBuildConfiguration;
			buildSettings = {
				ASSETCATALOG_COMPILER_APPICON_NAME = AppIcon;
				ASSETCATALOG_COMPILER_GLOBAL_ACCENT_COLOR_NAME = AccentColor;
				CODE_SIGN_STYLE = Automatic;
				CURRENT_PROJECT_VERSION = 1;
				DEVELOPMENT_TEAM = VLFWHFLYP3;
				GENERATE_INFOPLIST_FILE = YES;
				INFOPLIST_FILE = MeusJogos/Info.plist;
				INFOPLIST_KEY_UIApplicationSupportsIndirectInputEvents = YES;
				INFOPLIST_KEY_UILaunchStoryboardName = LaunchScreen;
				INFOPLIST_KEY_UIMainStoryboardFile = Main;
				INFOPLIST_KEY_UISupportedInterfaceOrientations_iPad = "UIInterfaceOrientationPortrait UIInterfaceOrientationPortraitUpsideDown UIInterfaceOrientationLandscapeLeft UIInterfaceOrientationLandscapeRight";
				INFOPLIST_KEY_UISupportedInterfaceOrientations_iPhone = "UIInterfaceOrientationPortrait UIInterfaceOrientationLandscapeLeft UIInterfaceOrientationLandscapeRight";
				LD_RUNPATH_SEARCH_PATHS = (
					"$(inherited)",
					"@executable_path/Frameworks",
				);
				MARKETING_VERSION = 1.0;
				PRODUCT_BUNDLE_IDENTIFIER = br.com.fiap.MeusJogos;
				PRODUCT_NAME = "$(TARGET_NAME)";
				SWIFT_EMIT_LOC_STRINGS = YES;
				SWIFT_VERSION = 5.0;
				TARGETED_DEVICE_FAMILY = "1,2";
			};
			name = Release;
		};
		E60BE96B29B5595D00BBA565 /* Debug */ = {
			isa = XCBuildConfiguration;
			buildSettings = {
				ALWAYS_EMBED_SWIFT_STANDARD_LIBRARIES = YES;
				BUNDLE_LOADER = "$(TEST_HOST)";
				CODE_SIGN_STYLE = Automatic;
				CURRENT_PROJECT_VERSION = 1;
				GENERATE_INFOPLIST_FILE = YES;
				IPHONEOS_DEPLOYMENT_TARGET = 16.1;
				MARKETING_VERSION = 1.0;
				PRODUCT_BUNDLE_IDENTIFIER = br.com.fiap.MeusJogosTests;
				PRODUCT_NAME = "$(TARGET_NAME)";
				SWIFT_EMIT_LOC_STRINGS = NO;
				SWIFT_VERSION = 5.0;
				TARGETED_DEVICE_FAMILY = "1,2";
				TEST_HOST = "$(BUILT_PRODUCTS_DIR)/MeusJogos.app/$(BUNDLE_EXECUTABLE_FOLDER_PATH)/MeusJogos";
			};
			name = Debug;
		};
		E60BE96C29B5595D00BBA565 /* Release */ = {
			isa = XCBuildConfiguration;
			buildSettings = {
				ALWAYS_EMBED_SWIFT_STANDARD_LIBRARIES = YES;
				BUNDLE_LOADER = "$(TEST_HOST)";
				CODE_SIGN_STYLE = Automatic;
				CURRENT_PROJECT_VERSION = 1;
				GENERATE_INFOPLIST_FILE = YES;
				IPHONEOS_DEPLOYMENT_TARGET = 16.1;
				MARKETING_VERSION = 1.0;
				PRODUCT_BUNDLE_IDENTIFIER = br.com.fiap.MeusJogosTests;
				PRODUCT_NAME = "$(TARGET_NAME)";
				SWIFT_EMIT_LOC_STRINGS = NO;
				SWIFT_VERSION = 5.0;
				TARGETED_DEVICE_FAMILY = "1,2";
				TEST_HOST = "$(BUILT_PRODUCTS_DIR)/MeusJogos.app/$(BUNDLE_EXECUTABLE_FOLDER_PATH)/MeusJogos";
			};
			name = Release;
		};
		E60BE96E29B5595D00BBA565 /* Debug */ = {
			isa = XCBuildConfiguration;
			buildSettings = {
				ALWAYS_EMBED_SWIFT_STANDARD_LIBRARIES = YES;
				CODE_SIGN_STYLE = Automatic;
				CURRENT_PROJECT_VERSION = 1;
				GENERATE_INFOPLIST_FILE = YES;
				MARKETING_VERSION = 1.0;
				PRODUCT_BUNDLE_IDENTIFIER = br.com.fiap.MeusJogosUITests;
				PRODUCT_NAME = "$(TARGET_NAME)";
				SWIFT_EMIT_LOC_STRINGS = NO;
				SWIFT_VERSION = 5.0;
				TARGETED_DEVICE_FAMILY = "1,2";
				TEST_TARGET_NAME = MeusJogos;
			};
			name = Debug;
		};
		E60BE96F29B5595D00BBA565 /* Release */ = {
			isa = XCBuildConfiguration;
			buildSettings = {
				ALWAYS_EMBED_SWIFT_STANDARD_LIBRARIES = YES;
				CODE_SIGN_STYLE = Automatic;
				CURRENT_PROJECT_VERSION = 1;
				GENERATE_INFOPLIST_FILE = YES;
				MARKETING_VERSION = 1.0;
				PRODUCT_BUNDLE_IDENTIFIER = br.com.fiap.MeusJogosUITests;
				PRODUCT_NAME = "$(TARGET_NAME)";
				SWIFT_EMIT_LOC_STRINGS = NO;
				SWIFT_VERSION = 5.0;
				TARGETED_DEVICE_FAMILY = "1,2";
				TEST_TARGET_NAME = MeusJogos;
			};
			name = Release;
		};
/* End XCBuildConfiguration section */

/* Begin XCConfigurationList section */
		E60BE93529B5595C00BBA565 /* Build configuration list for PBXProject "MeusJogos" */ = {
			isa = XCConfigurationList;
			buildConfigurations = (
				E60BE96529B5595D00BBA565 /* Debug */,
				E60BE96629B5595D00BBA565 /* Release */,
			);
			defaultConfigurationIsVisible = 0;
			defaultConfigurationName = Release;
		};
		E60BE96729B5595D00BBA565 /* Build configuration list for PBXNativeTarget "MeusJogos" */ = {
			isa = XCConfigurationList;
			buildConfigurations = (
				E60BE96829B5595D00BBA565 /* Debug */,
				E60BE96929B5595D00BBA565 /* Release */,
			);
			defaultConfigurationIsVisible = 0;
			defaultConfigurationName = Release;
		};
		E60BE96A29B5595D00BBA565 /* Build configuration list for PBXNativeTarget "MeusJogosTests" */ = {
			isa = XCConfigurationList;
			buildConfigurations = (
				E60BE96B29B5595D00BBA565 /* Debug */,
				E60BE96C29B5595D00BBA565 /* Release */,
			);
			defaultConfigurationIsVisible = 0;
			defaultConfigurationName = Release;
		};
		E60BE96D29B5595D00BBA565 /* Build configuration list for PBXNativeTarget "MeusJogosUITests" */ = {
			isa = XCConfigurationList;
			buildConfigurations = (
				E60BE96E29B5595D00BBA565 /* Debug */,
				E60BE96F29B5595D00BBA565 /* Release */,
			);
			defaultConfigurationIsVisible = 0;
			defaultConfigurationName = Release;
		};
/* End XCConfigurationList section */

/* Begin XCVersionGroup section */
		E60BE94629B5595C00BBA565 /* MeusJogos.xcdatamodeld */ = {
			isa = XCVersionGroup;
			children = (
				E60BE94729B5595C00BBA565 /* MeusJogos.xcdatamodel */,
			);
			currentVersion = E60BE94729B5595C00BBA565 /* MeusJogos.xcdatamodel */;
			path = MeusJogos.xcdatamodeld;
			sourceTree = "<group>";
			versionGroupType = wrapper.xcdatamodel;
		};
/* End XCVersionGroup section */
	};
	rootObject = E60BE93229B5595C00BBA565 /* Project object */;
}
